
Microsoft Visual Studio Solution File, Format Version 12.00
# Visual Studio Version 17
VisualStudioVersion = 17.10.34928.147
MinimumVisualStudioVersion = 10.0.40219.1
Project("{9A19103F-16F7-4668-BE54-9A1E7A4F7556}") = "Llama3ELYZASharp_CUDA", "Llama3ELYZASharp\Llama3ELYZASharp_CUDA.csproj", "{7207F017-C9B3-499E-8714-E1DF61623253}"
EndProject
Global
	GlobalSection(SolutionConfigurationPlatforms) = preSolution
		Debug|Any CPU = Debug|Any CPU
		Release|Any CPU = Release|Any CPU
	EndGlobalSection
	GlobalSection(ProjectConfigurationPlatforms) = postSolution
		{7207F017-C9B3-499E-8714-E1DF61623253}.Debug|Any CPU.ActiveCfg = Debug|Any CPU
		{7207F017-C9B3-499E-8714-E1DF61623253}.Debug|Any CPU.Build.0 = Debug|Any CPU
		{7207F017-C9B3-499E-8714-E1DF61623253}.Release|Any CPU.ActiveCfg = Release|Any CPU
		{7207F017-C9B3-499E-8714-E1DF61623253}.Release|Any CPU.Build.0 = Release|Any CPU
	EndGlobalSection
	GlobalSection(SolutionProperties) = preSolution
		HideSolutionNode = FALSE
	EndGlobalSection
	GlobalSection(ExtensibilityGlobals) = postSolution
		SolutionGuid = {25E4A26A-881C-474A-B7F4-BB378EC19814}
	EndGlobalSection
EndGlobal
