
Microsoft Visual Studio Solution File, Format Version 12.00
# Visual Studio Version 17
VisualStudioVersion = 17.10.34928.147
MinimumVisualStudioVersion = 10.0.40219.1
Project("{9A19103F-16F7-4668-BE54-9A1E7A4F7556}") = "EnglishToKana", "EnglishToKana\EnglishToKana.csproj", "{AFD618FE-7AF1-4325-94FE-326733CB03C1}"
EndProject
Global
	GlobalSection(SolutionConfigurationPlatforms) = preSolution
		Debug|x64 = Debug|x64
		Release|x64 = Release|x64
	EndGlobalSection
	GlobalSection(ProjectConfigurationPlatforms) = postSolution
		{AFD618FE-7AF1-4325-94FE-326733CB03C1}.Debug|x64.ActiveCfg = Debug|x64
		{AFD618FE-7AF1-4325-94FE-326733CB03C1}.Debug|x64.Build.0 = Debug|x64
		{AFD618FE-7AF1-4325-94FE-326733CB03C1}.Release|x64.ActiveCfg = Release|x64
		{AFD618FE-7AF1-4325-94FE-326733CB03C1}.Release|x64.Build.0 = Release|x64
	EndGlobalSection
	GlobalSection(SolutionProperties) = preSolution
		HideSolutionNode = FALSE
	EndGlobalSection
	GlobalSection(ExtensibilityGlobals) = postSolution
		SolutionGuid = {9CC82376-0DC5-44EF-9634-7598FC8252A0}
	EndGlobalSection
EndGlobal
